SITE
  remote: http://community.opscode.com/api/v1
  specs:
    apache2 (1.6.2)
    apt (2.0.0)
    build-essential (1.4.0)
    chef_handler (1.1.4)
    dmg (1.1.0)
    fail2ban (1.2.2)
      yum (>= 0.0.0)
    git (2.5.2)
      build-essential (>= 0.0.0)
      dmg (>= 0.0.0)
      runit (>= 1.0)
      windows (>= 0.0.0)
      yum (>= 0.0.0)
    iptables (0.12.0)
    mysql (3.0.2)
      build-essential (> 1.1.0)
      openssl (>= 0.0.0)
    openssh (1.2.0)
      iptables (>= 0.0.0)
    openssl (1.0.2)
    php (1.2.2)
      build-essential (>= 0.0.0)
      mysql (>= 0.0.0)
      xml (>= 0.0.0)
    runit (1.1.4)
      build-essential (>= 0.0.0)
      yum (>= 0.0.0)
    vim (1.0.2)
    windows (1.9.0)
      chef_handler (>= 0.0.0)
    xml (1.1.2)
      build-essential (>= 0.0.0)
    zsh (1.0.0)

GIT
  remote: https://github.com/firstbanco/chef-unattended-upgrades
  ref: master
  sha: 24cf40f5743fac8e7814e58cc8e3dde2f1ca2de9
  specs:
    unattended-upgrades (1.0.0)
      apt (>= 0.0.0)

GIT
  remote: https://github.com/opscode-cookbooks/yum
  ref: master
  sha: fe4137b75bc1c3c4f4c0c0a3251a97b78f8bb518
  specs:
    yum (2.3.1)

PATH
  remote: /Users/patcon/repos/chef-percona-phlipper
  specs:
    percona (0.14.5)
      apt (>= 1.4.4)
      mysql (>= 3.0.0)
      openssl (>= 0.0.0)
      yum (>= 0.0.0)

PATH
  remote: cookbooks-source/base
  specs:
    base (0.0.1)
      apt (>= 0.0.0)
      unattended-upgrades (>= 0.0.0)
      yum (>= 0.0.0)

DEPENDENCIES
  apache2 (>= 0)
  apt (>= 0)
  base (>= 0)
  fail2ban (>= 0)
  git (>= 0)
  openssh (>= 0)
  percona (>= 0)
  php (>= 0)
  unattended-upgrades (>= 0)
  vim (>= 0)
  yum (>= 0)
  zsh (>= 0)

