SITE
  remote: http://community.opscode.com/api/v1
  specs:
    apt (1.10.0)
    build-essential (1.4.0)
    chef_handler (1.1.4)
    dmg (1.1.0)
    fail2ban (1.2.0)
      yum (>= 0.0.0)
    git (2.5.2)
      build-essential (>= 0.0.0)
      dmg (>= 0.0.0)
      runit (>= 1.0)
      windows (>= 0.0.0)
      yum (>= 0.0.0)
    openssh (1.1.4)
    runit (1.1.4)
      build-essential (>= 0.0.0)
      yum (>= 0.0.0)
    vim (1.0.2)
    windows (1.9.0)
      chef_handler (>= 0.0.0)
    yum (2.2.2)
    zsh (1.0.0)

GIT
  remote: https://github.com/firstbanco/chef-unattended-upgrades
  ref: master
  sha: 24cf40f5743fac8e7814e58cc8e3dde2f1ca2de9
  specs:
    unattended-upgrades (1.0.0)
      apt (>= 0.0.0)

DEPENDENCIES
  apt (>= 0)
  fail2ban (>= 0)
  git (>= 0)
  openssh (>= 0)
  unattended-upgrades (>= 0)
  vim (>= 0)
  zsh (>= 0)

